
Microsoft Visual Studio Solution File, Format Version 12.00
# Visual Studio Version 16
VisualStudioVersion = 16.0.31321.278
MinimumVisualStudioVersion = 10.0.40219.1
Project("{9A19103F-16F7-4668-BE54-9A1E7A4F7556}") = "PSThreadJob", "PSThreadJob\PSThreadJob.csproj", "{BB7FC95A-C36D-4FBE-A760-55112DCF9DD2}"
EndProject
Global
	GlobalSection(SolutionConfigurationPlatforms) = preSolution
		Debug|Any CPU = Debug|Any CPU
		Release|Any CPU = Release|Any CPU
	EndGlobalSection
	GlobalSection(ProjectConfigurationPlatforms) = postSolution
		{BB7FC95A-C36D-4FBE-A760-55112DCF9DD2}.Debug|Any CPU.ActiveCfg = Debug|Any CPU
		{BB7FC95A-C36D-4FBE-A760-55112DCF9DD2}.Debug|Any CPU.Build.0 = Debug|Any CPU
		{BB7FC95A-C36D-4FBE-A760-55112DCF9DD2}.Release|Any CPU.ActiveCfg = Release|Any CPU
		{BB7FC95A-C36D-4FBE-A760-55112DCF9DD2}.Release|Any CPU.Build.0 = Release|Any CPU
	EndGlobalSection
	GlobalSection(SolutionProperties) = preSolution
		HideSolutionNode = FALSE
	EndGlobalSection
	GlobalSection(ExtensibilityGlobals) = postSolution
		SolutionGuid = {14A5625F-0FC1-4ACE-B8FF-34B72979B374}
	EndGlobalSection
EndGlobal
